
Microsoft Visual Studio Solution File, Format Version 12.00
Project("{FAE04EC0-301F-11D3-BF4B-00C04F79EFBC}") = "Abstract Factory", "Abstract Factory\Abstract Factory.csproj", "{CF14458E-F0E0-42B9-A407-E1C6B3AA19E7}"
EndProject
Project("{FAE04EC0-301F-11D3-BF4B-00C04F79EFBC}") = "Builder", "Builder\Builder.csproj", "{315DD1D2-D92B-4EC7-8C10-7BA17D2B0477}"
EndProject
Project("{FAE04EC0-301F-11D3-BF4B-00C04F79EFBC}") = "Factory Method", "Factory Method\Factory Method.csproj", "{2957F4C5-5C96-445B-A6B7-3247085B843F}"
EndProject
Project("{FAE04EC0-301F-11D3-BF4B-00C04F79EFBC}") = "Prototype", "Prototype\Prototype.csproj", "{ADD62A4A-769A-4F8A-8542-1229504C90F8}"
EndProject
Project("{FAE04EC0-301F-11D3-BF4B-00C04F79EFBC}") = "Singleton", "Singleton\Singleton.csproj", "{8D8DFFC5-D6F9-48D3-B484-74DEA5E16F7B}"
EndProject
Project("{FAE04EC0-301F-11D3-BF4B-00C04F79EFBC}") = "Adapter", "Adapter\Adapter.csproj", "{602B6A9A-9815-4959-92C9-450A4F883916}"
EndProject
Project("{FAE04EC0-301F-11D3-BF4B-00C04F79EFBC}") = "Bridge", "Bridge\Bridge.csproj", "{DC75A747-5792-467D-8B5E-C8D66E484C21}"
EndProject
Project("{FAE04EC0-301F-11D3-BF4B-00C04F79EFBC}") = "Composite", "Composite\Composite.csproj", "{204EC779-3856-4B78-8A51-6AF3B059EA30}"
EndProject
Project("{FAE04EC0-301F-11D3-BF4B-00C04F79EFBC}") = "Decorator", "Decorator\Decorator.csproj", "{48D61B50-C3EA-41C6-AC14-90D20C804C62}"
EndProject
Project("{FAE04EC0-301F-11D3-BF4B-00C04F79EFBC}") = "Facade", "Facade\Facade.csproj", "{0FD7EA82-5FD7-4EC4-815D-B64924263B93}"
EndProject
Project("{FAE04EC0-301F-11D3-BF4B-00C04F79EFBC}") = "Flyweight", "Flyweight\Flyweight.csproj", "{0CC246B0-63AA-457A-8402-13CCFC67379F}"
EndProject
Project("{FAE04EC0-301F-11D3-BF4B-00C04F79EFBC}") = "Proxy", "Proxy\Proxy.csproj", "{DC7D4BF7-B2EB-46E2-A14A-30B852F8993B}"
EndProject
Project("{FAE04EC0-301F-11D3-BF4B-00C04F79EFBC}") = "ChainOfResponsibility", "ChainOfResponsibility\ChainOfResponsibility.csproj", "{5539136F-63CE-490A-A94C-DDA042E7B98E}"
EndProject
Global
	GlobalSection(SolutionConfigurationPlatforms) = preSolution
		Debug|Any CPU = Debug|Any CPU
		Release|Any CPU = Release|Any CPU
	EndGlobalSection
	GlobalSection(ProjectConfigurationPlatforms) = postSolution
		{CF14458E-F0E0-42B9-A407-E1C6B3AA19E7}.Debug|Any CPU.ActiveCfg = Debug|Any CPU
		{CF14458E-F0E0-42B9-A407-E1C6B3AA19E7}.Debug|Any CPU.Build.0 = Debug|Any CPU
		{CF14458E-F0E0-42B9-A407-E1C6B3AA19E7}.Release|Any CPU.ActiveCfg = Release|Any CPU
		{CF14458E-F0E0-42B9-A407-E1C6B3AA19E7}.Release|Any CPU.Build.0 = Release|Any CPU
		{315DD1D2-D92B-4EC7-8C10-7BA17D2B0477}.Debug|Any CPU.ActiveCfg = Debug|Any CPU
		{315DD1D2-D92B-4EC7-8C10-7BA17D2B0477}.Debug|Any CPU.Build.0 = Debug|Any CPU
		{315DD1D2-D92B-4EC7-8C10-7BA17D2B0477}.Release|Any CPU.ActiveCfg = Release|Any CPU
		{315DD1D2-D92B-4EC7-8C10-7BA17D2B0477}.Release|Any CPU.Build.0 = Release|Any CPU
		{2957F4C5-5C96-445B-A6B7-3247085B843F}.Debug|Any CPU.ActiveCfg = Debug|Any CPU
		{2957F4C5-5C96-445B-A6B7-3247085B843F}.Debug|Any CPU.Build.0 = Debug|Any CPU
		{2957F4C5-5C96-445B-A6B7-3247085B843F}.Release|Any CPU.ActiveCfg = Release|Any CPU
		{2957F4C5-5C96-445B-A6B7-3247085B843F}.Release|Any CPU.Build.0 = Release|Any CPU
		{ADD62A4A-769A-4F8A-8542-1229504C90F8}.Debug|Any CPU.ActiveCfg = Debug|Any CPU
		{ADD62A4A-769A-4F8A-8542-1229504C90F8}.Debug|Any CPU.Build.0 = Debug|Any CPU
		{ADD62A4A-769A-4F8A-8542-1229504C90F8}.Release|Any CPU.ActiveCfg = Release|Any CPU
		{ADD62A4A-769A-4F8A-8542-1229504C90F8}.Release|Any CPU.Build.0 = Release|Any CPU
		{8D8DFFC5-D6F9-48D3-B484-74DEA5E16F7B}.Debug|Any CPU.ActiveCfg = Debug|Any CPU
		{8D8DFFC5-D6F9-48D3-B484-74DEA5E16F7B}.Debug|Any CPU.Build.0 = Debug|Any CPU
		{8D8DFFC5-D6F9-48D3-B484-74DEA5E16F7B}.Release|Any CPU.ActiveCfg = Release|Any CPU
		{8D8DFFC5-D6F9-48D3-B484-74DEA5E16F7B}.Release|Any CPU.Build.0 = Release|Any CPU
		{602B6A9A-9815-4959-92C9-450A4F883916}.Debug|Any CPU.ActiveCfg = Debug|Any CPU
		{602B6A9A-9815-4959-92C9-450A4F883916}.Debug|Any CPU.Build.0 = Debug|Any CPU
		{602B6A9A-9815-4959-92C9-450A4F883916}.Release|Any CPU.ActiveCfg = Release|Any CPU
		{602B6A9A-9815-4959-92C9-450A4F883916}.Release|Any CPU.Build.0 = Release|Any CPU
		{DC75A747-5792-467D-8B5E-C8D66E484C21}.Debug|Any CPU.ActiveCfg = Debug|Any CPU
		{DC75A747-5792-467D-8B5E-C8D66E484C21}.Debug|Any CPU.Build.0 = Debug|Any CPU
		{DC75A747-5792-467D-8B5E-C8D66E484C21}.Release|Any CPU.ActiveCfg = Release|Any CPU
		{DC75A747-5792-467D-8B5E-C8D66E484C21}.Release|Any CPU.Build.0 = Release|Any CPU
		{204EC779-3856-4B78-8A51-6AF3B059EA30}.Debug|Any CPU.ActiveCfg = Debug|Any CPU
		{204EC779-3856-4B78-8A51-6AF3B059EA30}.Debug|Any CPU.Build.0 = Debug|Any CPU
		{204EC779-3856-4B78-8A51-6AF3B059EA30}.Release|Any CPU.ActiveCfg = Release|Any CPU
		{204EC779-3856-4B78-8A51-6AF3B059EA30}.Release|Any CPU.Build.0 = Release|Any CPU
		{48D61B50-C3EA-41C6-AC14-90D20C804C62}.Debug|Any CPU.ActiveCfg = Debug|Any CPU
		{48D61B50-C3EA-41C6-AC14-90D20C804C62}.Debug|Any CPU.Build.0 = Debug|Any CPU
		{48D61B50-C3EA-41C6-AC14-90D20C804C62}.Release|Any CPU.ActiveCfg = Release|Any CPU
		{48D61B50-C3EA-41C6-AC14-90D20C804C62}.Release|Any CPU.Build.0 = Release|Any CPU
		{0FD7EA82-5FD7-4EC4-815D-B64924263B93}.Debug|Any CPU.ActiveCfg = Debug|Any CPU
		{0FD7EA82-5FD7-4EC4-815D-B64924263B93}.Debug|Any CPU.Build.0 = Debug|Any CPU
		{0FD7EA82-5FD7-4EC4-815D-B64924263B93}.Release|Any CPU.ActiveCfg = Release|Any CPU
		{0FD7EA82-5FD7-4EC4-815D-B64924263B93}.Release|Any CPU.Build.0 = Release|Any CPU
		{0CC246B0-63AA-457A-8402-13CCFC67379F}.Debug|Any CPU.ActiveCfg = Debug|Any CPU
		{0CC246B0-63AA-457A-8402-13CCFC67379F}.Debug|Any CPU.Build.0 = Debug|Any CPU
		{0CC246B0-63AA-457A-8402-13CCFC67379F}.Release|Any CPU.ActiveCfg = Release|Any CPU
		{0CC246B0-63AA-457A-8402-13CCFC67379F}.Release|Any CPU.Build.0 = Release|Any CPU
		{DC7D4BF7-B2EB-46E2-A14A-30B852F8993B}.Debug|Any CPU.ActiveCfg = Debug|Any CPU
		{DC7D4BF7-B2EB-46E2-A14A-30B852F8993B}.Debug|Any CPU.Build.0 = Debug|Any CPU
		{DC7D4BF7-B2EB-46E2-A14A-30B852F8993B}.Release|Any CPU.ActiveCfg = Release|Any CPU
		{DC7D4BF7-B2EB-46E2-A14A-30B852F8993B}.Release|Any CPU.Build.0 = Release|Any CPU
		{5539136F-63CE-490A-A94C-DDA042E7B98E}.Debug|Any CPU.ActiveCfg = Debug|Any CPU
		{5539136F-63CE-490A-A94C-DDA042E7B98E}.Debug|Any CPU.Build.0 = Debug|Any CPU
		{5539136F-63CE-490A-A94C-DDA042E7B98E}.Release|Any CPU.ActiveCfg = Release|Any CPU
		{5539136F-63CE-490A-A94C-DDA042E7B98E}.Release|Any CPU.Build.0 = Release|Any CPU
	EndGlobalSection
EndGlobal
